
Microsoft Visual Studio Solution File, Format Version 12.00
# Visual Studio Version 17
VisualStudioVersion = 17.6.33815.320
MinimumVisualStudioVersion = 10.0.40219.1
Project("{FAE04EC0-301F-11D3-BF4B-00C04F79EFBC}") = "zadanie 3", "zadanie 3\zadanie 3.csproj", "{5E9DC436-DAD7-492B-AB60-D683EE828330}"
EndProject
Global
	GlobalSection(SolutionConfigurationPlatforms) = preSolution
		Debug|Any CPU = Debug|Any CPU
		Release|Any CPU = Release|Any CPU
	EndGlobalSection
	GlobalSection(ProjectConfigurationPlatforms) = postSolution
		{5E9DC436-DAD7-492B-AB60-D683EE828330}.Debug|Any CPU.ActiveCfg = Debug|Any CPU
		{5E9DC436-DAD7-492B-AB60-D683EE828330}.Debug|Any CPU.Build.0 = Debug|Any CPU
		{5E9DC436-DAD7-492B-AB60-D683EE828330}.Release|Any CPU.ActiveCfg = Release|Any CPU
		{5E9DC436-DAD7-492B-AB60-D683EE828330}.Release|Any CPU.Build.0 = Release|Any CPU
	EndGlobalSection
	GlobalSection(SolutionProperties) = preSolution
		HideSolutionNode = FALSE
	EndGlobalSection
	GlobalSection(ExtensibilityGlobals) = postSolution
		SolutionGuid = {5B1E8CCD-7377-442B-B75F-AD9DF5745FF0}
	EndGlobalSection
EndGlobal
