
Microsoft Visual Studio Solution File, Format Version 12.00
# Visual Studio Version 17
VisualStudioVersion = 17.6.33815.320
MinimumVisualStudioVersion = 10.0.40219.1
Project("{FAE04EC0-301F-11D3-BF4B-00C04F79EFBC}") = "zadanie 3", "zadanie 3\zadanie 3.csproj", "{88150B68-1F78-41FD-9492-156AA8179A11}"
EndProject
Global
	GlobalSection(SolutionConfigurationPlatforms) = preSolution
		Debug|Any CPU = Debug|Any CPU
		Release|Any CPU = Release|Any CPU
	EndGlobalSection
	GlobalSection(ProjectConfigurationPlatforms) = postSolution
		{88150B68-1F78-41FD-9492-156AA8179A11}.Debug|Any CPU.ActiveCfg = Debug|Any CPU
		{88150B68-1F78-41FD-9492-156AA8179A11}.Debug|Any CPU.Build.0 = Debug|Any CPU
		{88150B68-1F78-41FD-9492-156AA8179A11}.Release|Any CPU.ActiveCfg = Release|Any CPU
		{88150B68-1F78-41FD-9492-156AA8179A11}.Release|Any CPU.Build.0 = Release|Any CPU
	EndGlobalSection
	GlobalSection(SolutionProperties) = preSolution
		HideSolutionNode = FALSE
	EndGlobalSection
	GlobalSection(ExtensibilityGlobals) = postSolution
		SolutionGuid = {442A73BF-9BD8-4258-8F45-1A5096C54008}
	EndGlobalSection
EndGlobal
