
Microsoft Visual Studio Solution File, Format Version 12.00
# Visual Studio Version 17
VisualStudioVersion = 17.6.33815.320
MinimumVisualStudioVersion = 10.0.40219.1
Project("{FAE04EC0-301F-11D3-BF4B-00C04F79EFBC}") = "zadanie 1", "zadanie 1\zadanie 1.csproj", "{CFD7EFD4-D72A-45FF-BC51-60B9829F838F}"
EndProject
Global
	GlobalSection(SolutionConfigurationPlatforms) = preSolution
		Debug|Any CPU = Debug|Any CPU
		Release|Any CPU = Release|Any CPU
	EndGlobalSection
	GlobalSection(ProjectConfigurationPlatforms) = postSolution
		{CFD7EFD4-D72A-45FF-BC51-60B9829F838F}.Debug|Any CPU.ActiveCfg = Debug|Any CPU
		{CFD7EFD4-D72A-45FF-BC51-60B9829F838F}.Debug|Any CPU.Build.0 = Debug|Any CPU
		{CFD7EFD4-D72A-45FF-BC51-60B9829F838F}.Release|Any CPU.ActiveCfg = Release|Any CPU
		{CFD7EFD4-D72A-45FF-BC51-60B9829F838F}.Release|Any CPU.Build.0 = Release|Any CPU
	EndGlobalSection
	GlobalSection(SolutionProperties) = preSolution
		HideSolutionNode = FALSE
	EndGlobalSection
	GlobalSection(ExtensibilityGlobals) = postSolution
		SolutionGuid = {B1AAF203-6AE7-4FD5-A03A-7DB6557CD437}
	EndGlobalSection
EndGlobal
