
Microsoft Visual Studio Solution File, Format Version 12.00
# Visual Studio Version 17
VisualStudioVersion = 17.6.33815.320
MinimumVisualStudioVersion = 10.0.40219.1
Project("{FAE04EC0-301F-11D3-BF4B-00C04F79EFBC}") = "zadanie 1", "zadanie 1\zadanie 1.csproj", "{1B3D0F10-8457-484C-9277-06B12240755C}"
EndProject
Global
	GlobalSection(SolutionConfigurationPlatforms) = preSolution
		Debug|Any CPU = Debug|Any CPU
		Release|Any CPU = Release|Any CPU
	EndGlobalSection
	GlobalSection(ProjectConfigurationPlatforms) = postSolution
		{1B3D0F10-8457-484C-9277-06B12240755C}.Debug|Any CPU.ActiveCfg = Debug|Any CPU
		{1B3D0F10-8457-484C-9277-06B12240755C}.Debug|Any CPU.Build.0 = Debug|Any CPU
		{1B3D0F10-8457-484C-9277-06B12240755C}.Release|Any CPU.ActiveCfg = Release|Any CPU
		{1B3D0F10-8457-484C-9277-06B12240755C}.Release|Any CPU.Build.0 = Release|Any CPU
	EndGlobalSection
	GlobalSection(SolutionProperties) = preSolution
		HideSolutionNode = FALSE
	EndGlobalSection
	GlobalSection(ExtensibilityGlobals) = postSolution
		SolutionGuid = {AD6F678F-C3A5-4A33-B31A-2D3947D16A25}
	EndGlobalSection
EndGlobal
